// !$*UTF8*$!
{
	archiveVersion = 1;
	classes = {
	};
	objectVersion = 56;
	objects = {

/* Begin PBXBuildFile section */
		230279282BAF2F3D00B79E94 /* ChargingAnimationView.swift in Sources */ = {isa = PBXBuildFile; fileRef = 230279272BAF2F3D00B79E94 /* ChargingAnimationView.swift */; };
		2302792A2BAF3C1400B79E94 /* InformationsView.swift in Sources */ = {isa = PBXBuildFile; fileRef = 230279292BAF3C1400B79E94 /* InformationsView.swift */; };
		2302792B2BAF3C1400B79E94 /* InformationsView.swift in Sources */ = {isa = PBXBuildFile; fileRef = 230279292BAF3C1400B79E94 /* InformationsView.swift */; };
		2302792C2BAF3C1400B79E94 /* InformationsView.swift in Sources */ = {isa = PBXBuildFile; fileRef = 230279292BAF3C1400B79E94 /* InformationsView.swift */; };
		23756E392BAD8B20006103F6 /* JUCRApp.swift in Sources */ = {isa = PBXBuildFile; fileRef = 23756E382BAD8B20006103F6 /* JUCRApp.swift */; };
		23756E3D2BAD8B22006103F6 /* Assets.xcassets in Resources */ = {isa = PBXBuildFile; fileRef = 23756E3C2BAD8B22006103F6 /* Assets.xcassets */; };
		23756E402BAD8B22006103F6 /* Preview Assets.xcassets in Resources */ = {isa = PBXBuildFile; fileRef = 23756E3F2BAD8B22006103F6 /* Preview Assets.xcassets */; };
		23756E422BAD8B22006103F6 /* Persistence.swift in Sources */ = {isa = PBXBuildFile; fileRef = 23756E412BAD8B22006103F6 /* Persistence.swift */; };
		23756E452BAD8B22006103F6 /* JUCR.xcdatamodeld in Sources */ = {isa = PBXBuildFile; fileRef = 23756E432BAD8B22006103F6 /* JUCR.xcdatamodeld */; };
		23756E4F2BAD8B22006103F6 /* JUCRTests.swift in Sources */ = {isa = PBXBuildFile; fileRef = 23756E4E2BAD8B22006103F6 /* JUCRTests.swift */; };
		23756E592BAD8B22006103F6 /* JUCRUITests.swift in Sources */ = {isa = PBXBuildFile; fileRef = 23756E582BAD8B22006103F6 /* JUCRUITests.swift */; };
		23756E5B2BAD8B22006103F6 /* JUCRUITestsLaunchTests.swift in Sources */ = {isa = PBXBuildFile; fileRef = 23756E5A2BAD8B22006103F6 /* JUCRUITestsLaunchTests.swift */; };
		23756E842BAD91AA006103F6 /* Supercharges.swift in Sources */ = {isa = PBXBuildFile; fileRef = 23756E832BAD91AA006103F6 /* Supercharges.swift */; };
		23756E852BAD91AA006103F6 /* Supercharges.swift in Sources */ = {isa = PBXBuildFile; fileRef = 23756E832BAD91AA006103F6 /* Supercharges.swift */; };
		23756E862BAD91AA006103F6 /* Supercharges.swift in Sources */ = {isa = PBXBuildFile; fileRef = 23756E832BAD91AA006103F6 /* Supercharges.swift */; };
		23756E882BAD91B9006103F6 /* Statistiques.swift in Sources */ = {isa = PBXBuildFile; fileRef = 23756E872BAD91B9006103F6 /* Statistiques.swift */; };
		23756E892BAD91B9006103F6 /* Statistiques.swift in Sources */ = {isa = PBXBuildFile; fileRef = 23756E872BAD91B9006103F6 /* Statistiques.swift */; };
		23756E8A2BAD91B9006103F6 /* Statistiques.swift in Sources */ = {isa = PBXBuildFile; fileRef = 23756E872BAD91B9006103F6 /* Statistiques.swift */; };
		23756E8C2BAD91D2006103F6 /* MainModel.swift in Sources */ = {isa = PBXBuildFile; fileRef = 23756E8B2BAD91D2006103F6 /* MainModel.swift */; };
		23756E8D2BAD91D2006103F6 /* MainModel.swift in Sources */ = {isa = PBXBuildFile; fileRef = 23756E8B2BAD91D2006103F6 /* MainModel.swift */; };
		23756E8E2BAD91D2006103F6 /* MainModel.swift in Sources */ = {isa = PBXBuildFile; fileRef = 23756E8B2BAD91D2006103F6 /* MainModel.swift */; };
		23756E902BAD9C20006103F6 /* StatistiqueView.swift in Sources */ = {isa = PBXBuildFile; fileRef = 23756E8F2BAD9C20006103F6 /* StatistiqueView.swift */; };
		23756E912BAD9C20006103F6 /* StatistiqueView.swift in Sources */ = {isa = PBXBuildFile; fileRef = 23756E8F2BAD9C20006103F6 /* StatistiqueView.swift */; };
		23756E922BAD9C20006103F6 /* StatistiqueView.swift in Sources */ = {isa = PBXBuildFile; fileRef = 23756E8F2BAD9C20006103F6 /* StatistiqueView.swift */; };
		23756E992BADACB5006103F6 /* MagicStrings.swift in Sources */ = {isa = PBXBuildFile; fileRef = 23756E982BADACB5006103F6 /* MagicStrings.swift */; };
		23756E9A2BADACB5006103F6 /* MagicStrings.swift in Sources */ = {isa = PBXBuildFile; fileRef = 23756E982BADACB5006103F6 /* MagicStrings.swift */; };
		23756E9B2BADACB5006103F6 /* MagicStrings.swift in Sources */ = {isa = PBXBuildFile; fileRef = 23756E982BADACB5006103F6 /* MagicStrings.swift */; };
		23756E9D2BADAEB2006103F6 /* SuperchargesView.swift in Sources */ = {isa = PBXBuildFile; fileRef = 23756E9C2BADAEB2006103F6 /* SuperchargesView.swift */; };
		23756E9E2BADAEB2006103F6 /* SuperchargesView.swift in Sources */ = {isa = PBXBuildFile; fileRef = 23756E9C2BADAEB2006103F6 /* SuperchargesView.swift */; };
		23756E9F2BADAEB2006103F6 /* SuperchargesView.swift in Sources */ = {isa = PBXBuildFile; fileRef = 23756E9C2BADAEB2006103F6 /* SuperchargesView.swift */; };
		23756EA02BADB20F006103F6 /* Persistence.swift in Sources */ = {isa = PBXBuildFile; fileRef = 23756E412BAD8B22006103F6 /* Persistence.swift */; };
		23756EA12BADB20F006103F6 /* Persistence.swift in Sources */ = {isa = PBXBuildFile; fileRef = 23756E412BAD8B22006103F6 /* Persistence.swift */; };
		23756EAB2BAF0DF1006103F6 /* MainView.swift in Sources */ = {isa = PBXBuildFile; fileRef = 23756EAA2BAF0DF1006103F6 /* MainView.swift */; };
		23756EAC2BAF0DF1006103F6 /* MainView.swift in Sources */ = {isa = PBXBuildFile; fileRef = 23756EAA2BAF0DF1006103F6 /* MainView.swift */; };
		23756EAD2BAF0DF1006103F6 /* MainView.swift in Sources */ = {isa = PBXBuildFile; fileRef = 23756EAA2BAF0DF1006103F6 /* MainView.swift */; };
		23756EAF2BAF0E93006103F6 /* Car.swift in Sources */ = {isa = PBXBuildFile; fileRef = 23756EAE2BAF0E93006103F6 /* Car.swift */; };
		23756EB02BAF0E93006103F6 /* Car.swift in Sources */ = {isa = PBXBuildFile; fileRef = 23756EAE2BAF0E93006103F6 /* Car.swift */; };
		23756EB12BAF0E93006103F6 /* Car.swift in Sources */ = {isa = PBXBuildFile; fileRef = 23756EAE2BAF0E93006103F6 /* Car.swift */; };
		23756EB42BAF17AB006103F6 /* CarStateView.swift in Sources */ = {isa = PBXBuildFile; fileRef = 23756EB32BAF17AB006103F6 /* CarStateView.swift */; };
		23756EB52BAF17AB006103F6 /* CarStateView.swift in Sources */ = {isa = PBXBuildFile; fileRef = 23756EB32BAF17AB006103F6 /* CarStateView.swift */; };
		23756EB62BAF17AB006103F6 /* CarStateView.swift in Sources */ = {isa = PBXBuildFile; fileRef = 23756EB32BAF17AB006103F6 /* CarStateView.swift */; };
		238997312BB1B2C300151C5C /* CarStateSmallerView.swift in Sources */ = {isa = PBXBuildFile; fileRef = 238997302BB1B2C300151C5C /* CarStateSmallerView.swift */; };
		238997392BB1C7D900151C5C /* CarStateSmallerView.swift in Sources */ = {isa = PBXBuildFile; fileRef = 238997302BB1B2C300151C5C /* CarStateSmallerView.swift */; };
		2389973A2BB1C7D900151C5C /* CarStateSmallerView.swift in Sources */ = {isa = PBXBuildFile; fileRef = 238997302BB1B2C300151C5C /* CarStateSmallerView.swift */; };
		2389973C2BB3106B00151C5C /* MagicsNumbers.swift in Sources */ = {isa = PBXBuildFile; fileRef = 2389973B2BB3106B00151C5C /* MagicsNumbers.swift */; };
		238997472BB4361700151C5C /* MainViewModel.swift in Sources */ = {isa = PBXBuildFile; fileRef = 238997462BB4361700151C5C /* MainViewModel.swift */; };
/* End PBXBuildFile section */

/* Begin PBXContainerItemProxy section */
		23756E4B2BAD8B22006103F6 /* PBXContainerItemProxy */ = {
			isa = PBXContainerItemProxy;
			containerPortal = 23756E2D2BAD8B20006103F6 /* Project object */;
			proxyType = 1;
			remoteGlobalIDString = 23756E342BAD8B20006103F6;
			remoteInfo = JUCR;
		};
		23756E552BAD8B22006103F6 /* PBXContainerItemProxy */ = {
			isa = PBXContainerItemProxy;
			containerPortal = 23756E2D2BAD8B20006103F6 /* Project object */;
			proxyType = 1;
			remoteGlobalIDString = 23756E342BAD8B20006103F6;
			remoteInfo = JUCR;
		};
/* End PBXContainerItemProxy section */

/* Begin PBXFileReference section */
		230279272BAF2F3D00B79E94 /* ChargingAnimationView.swift */ = {isa = PBXFileReference; lastKnownFileType = sourcecode.swift; path = ChargingAnimationView.swift; sourceTree = "<group>"; };
		230279292BAF3C1400B79E94 /* InformationsView.swift */ = {isa = PBXFileReference; lastKnownFileType = sourcecode.swift; path = InformationsView.swift; sourceTree = "<group>"; };
		23756E352BAD8B20006103F6 /* JUCR.app */ = {isa = PBXFileReference; explicitFileType = wrapper.application; includeInIndex = 0; path = JUCR.app; sourceTree = BUILT_PRODUCTS_DIR; };
		23756E382BAD8B20006103F6 /* JUCRApp.swift */ = {isa = PBXFileReference; lastKnownFileType = sourcecode.swift; path = JUCRApp.swift; sourceTree = "<group>"; };
		23756E3C2BAD8B22006103F6 /* Assets.xcassets */ = {isa = PBXFileReference; lastKnownFileType = folder.assetcatalog; path = Assets.xcassets; sourceTree = "<group>"; };
		23756E3F2BAD8B22006103F6 /* Preview Assets.xcassets */ = {isa = PBXFileReference; lastKnownFileType = folder.assetcatalog; path = "Preview Assets.xcassets"; sourceTree = "<group>"; };
		23756E412BAD8B22006103F6 /* Persistence.swift */ = {isa = PBXFileReference; lastKnownFileType = sourcecode.swift; path = Persistence.swift; sourceTree = "<group>"; };
		23756E442BAD8B22006103F6 /* JUCR.xcdatamodel */ = {isa = PBXFileReference; lastKnownFileType = wrapper.xcdatamodel; path = JUCR.xcdatamodel; sourceTree = "<group>"; };
		23756E4A2BAD8B22006103F6 /* JUCRTests.xctest */ = {isa = PBXFileReference; explicitFileType = wrapper.cfbundle; includeInIndex = 0; path = JUCRTests.xctest; sourceTree = BUILT_PRODUCTS_DIR; };
		23756E4E2BAD8B22006103F6 /* JUCRTests.swift */ = {isa = PBXFileReference; lastKnownFileType = sourcecode.swift; path = JUCRTests.swift; sourceTree = "<group>"; };
		23756E542BAD8B22006103F6 /* JUCRUITests.xctest */ = {isa = PBXFileReference; explicitFileType = wrapper.cfbundle; includeInIndex = 0; path = JUCRUITests.xctest; sourceTree = BUILT_PRODUCTS_DIR; };
		23756E582BAD8B22006103F6 /* JUCRUITests.swift */ = {isa = PBXFileReference; lastKnownFileType = sourcecode.swift; path = JUCRUITests.swift; sourceTree = "<group>"; };
		23756E5A2BAD8B22006103F6 /* JUCRUITestsLaunchTests.swift */ = {isa = PBXFileReference; lastKnownFileType = sourcecode.swift; path = JUCRUITestsLaunchTests.swift; sourceTree = "<group>"; };
		23756E832BAD91AA006103F6 /* Supercharges.swift */ = {isa = PBXFileReference; lastKnownFileType = sourcecode.swift; path = Supercharges.swift; sourceTree = "<group>"; };
		23756E872BAD91B9006103F6 /* Statistiques.swift */ = {isa = PBXFileReference; lastKnownFileType = sourcecode.swift; path = Statistiques.swift; sourceTree = "<group>"; };
		23756E8B2BAD91D2006103F6 /* MainModel.swift */ = {isa = PBXFileReference; lastKnownFileType = sourcecode.swift; path = MainModel.swift; sourceTree = "<group>"; };
		23756E8F2BAD9C20006103F6 /* StatistiqueView.swift */ = {isa = PBXFileReference; lastKnownFileType = sourcecode.swift; path = StatistiqueView.swift; sourceTree = "<group>"; };
		23756E982BADACB5006103F6 /* MagicStrings.swift */ = {isa = PBXFileReference; lastKnownFileType = sourcecode.swift; path = MagicStrings.swift; sourceTree = "<group>"; };
		23756E9C2BADAEB2006103F6 /* SuperchargesView.swift */ = {isa = PBXFileReference; lastKnownFileType = sourcecode.swift; path = SuperchargesView.swift; sourceTree = "<group>"; };
		23756EAA2BAF0DF1006103F6 /* MainView.swift */ = {isa = PBXFileReference; lastKnownFileType = sourcecode.swift; path = MainView.swift; sourceTree = "<group>"; };
		23756EAE2BAF0E93006103F6 /* Car.swift */ = {isa = PBXFileReference; lastKnownFileType = sourcecode.swift; path = Car.swift; sourceTree = "<group>"; };
		23756EB32BAF17AB006103F6 /* CarStateView.swift */ = {isa = PBXFileReference; lastKnownFileType = sourcecode.swift; path = CarStateView.swift; sourceTree = "<group>"; };
		238997302BB1B2C300151C5C /* CarStateSmallerView.swift */ = {isa = PBXFileReference; lastKnownFileType = sourcecode.swift; path = CarStateSmallerView.swift; sourceTree = "<group>"; };
		2389973B2BB3106B00151C5C /* MagicsNumbers.swift */ = {isa = PBXFileReference; lastKnownFileType = sourcecode.swift; path = MagicsNumbers.swift; sourceTree = "<group>"; };
		238997462BB4361700151C5C /* MainViewModel.swift */ = {isa = PBXFileReference; lastKnownFileType = sourcecode.swift; path = MainViewModel.swift; sourceTree = "<group>"; };
/* End PBXFileReference section */

/* Begin PBXFrameworksBuildPhase section */
		23756E322BAD8B20006103F6 /* Frameworks */ = {
			isa = PBXFrameworksBuildPhase;
			buildActionMask = 2147483647;
			files = (
			);
			runOnlyForDeploymentPostprocessing = 0;
		};
		23756E472BAD8B22006103F6 /* Frameworks */ = {
			isa = PBXFrameworksBuildPhase;
			buildActionMask = 2147483647;
			files = (
			);
			runOnlyForDeploymentPostprocessing = 0;
		};
		23756E512BAD8B22006103F6 /* Frameworks */ = {
			isa = PBXFrameworksBuildPhase;
			buildActionMask = 2147483647;
			files = (
			);
			runOnlyForDeploymentPostprocessing = 0;
		};
/* End PBXFrameworksBuildPhase section */

/* Begin PBXGroup section */
		23756E2C2BAD8B20006103F6 = {
			isa = PBXGroup;
			children = (
				23756E372BAD8B20006103F6 /* JUCR */,
				23756E4D2BAD8B22006103F6 /* JUCRTests */,
				23756E572BAD8B22006103F6 /* JUCRUITests */,
				23756E362BAD8B20006103F6 /* Products */,
			);
			sourceTree = "<group>";
		};
		23756E362BAD8B20006103F6 /* Products */ = {
			isa = PBXGroup;
			children = (
				23756E352BAD8B20006103F6 /* JUCR.app */,
				23756E4A2BAD8B22006103F6 /* JUCRTests.xctest */,
				23756E542BAD8B22006103F6 /* JUCRUITests.xctest */,
			);
			name = Products;
			sourceTree = "<group>";
		};
		23756E372BAD8B20006103F6 /* JUCR */ = {
			isa = PBXGroup;
			children = (
				23756EB22BAF1094006103F6 /* Application */,
				23756E972BADACAA006103F6 /* Helpers */,
				23756E822BAD916C006103F6 /* Model */,
				23756E672BAD8BFB006103F6 /* Views */,
				23756E3C2BAD8B22006103F6 /* Assets.xcassets */,
				23756E432BAD8B22006103F6 /* JUCR.xcdatamodeld */,
				23756E3E2BAD8B22006103F6 /* Preview Content */,
			);
			path = JUCR;
			sourceTree = "<group>";
		};
		23756E3E2BAD8B22006103F6 /* Preview Content */ = {
			isa = PBXGroup;
			children = (
				23756E3F2BAD8B22006103F6 /* Preview Assets.xcassets */,
			);
			path = "Preview Content";
			sourceTree = "<group>";
		};
		23756E4D2BAD8B22006103F6 /* JUCRTests */ = {
			isa = PBXGroup;
			children = (
				23756E4E2BAD8B22006103F6 /* JUCRTests.swift */,
			);
			path = JUCRTests;
			sourceTree = "<group>";
		};
		23756E572BAD8B22006103F6 /* JUCRUITests */ = {
			isa = PBXGroup;
			children = (
				23756E582BAD8B22006103F6 /* JUCRUITests.swift */,
				23756E5A2BAD8B22006103F6 /* JUCRUITestsLaunchTests.swift */,
			);
			path = JUCRUITests;
			sourceTree = "<group>";
		};
		23756E672BAD8BFB006103F6 /* Views */ = {
			isa = PBXGroup;
			children = (
				23756EAA2BAF0DF1006103F6 /* MainView.swift */,
				238997372BB1C7C200151C5C /* Car */,
				238997382BB1C7CD00151C5C /* Informartions */,
			);
			path = Views;
			sourceTree = "<group>";
		};
		23756E822BAD916C006103F6 /* Model */ = {
			isa = PBXGroup;
			children = (
				238997462BB4361700151C5C /* MainViewModel.swift */,
				23756E8B2BAD91D2006103F6 /* MainModel.swift */,
				23756EAE2BAF0E93006103F6 /* Car.swift */,
				23756E872BAD91B9006103F6 /* Statistiques.swift */,
				23756E832BAD91AA006103F6 /* Supercharges.swift */,
			);
			path = Model;
			sourceTree = "<group>";
		};
		23756E972BADACAA006103F6 /* Helpers */ = {
			isa = PBXGroup;
			children = (
				23756E412BAD8B22006103F6 /* Persistence.swift */,
				23756E982BADACB5006103F6 /* MagicStrings.swift */,
				2389973B2BB3106B00151C5C /* MagicsNumbers.swift */,
			);
			path = Helpers;
			sourceTree = "<group>";
		};
		23756EB22BAF1094006103F6 /* Application */ = {
			isa = PBXGroup;
			children = (
				23756E382BAD8B20006103F6 /* JUCRApp.swift */,
			);
			path = Application;
			sourceTree = "<group>";
		};
		238997372BB1C7C200151C5C /* Car */ = {
			isa = PBXGroup;
			children = (
				23756EB32BAF17AB006103F6 /* CarStateView.swift */,
				238997302BB1B2C300151C5C /* CarStateSmallerView.swift */,
				230279272BAF2F3D00B79E94 /* ChargingAnimationView.swift */,
			);
			path = Car;
			sourceTree = "<group>";
		};
		238997382BB1C7CD00151C5C /* Informartions */ = {
			isa = PBXGroup;
			children = (
				230279292BAF3C1400B79E94 /* InformationsView.swift */,
				23756E8F2BAD9C20006103F6 /* StatistiqueView.swift */,
				23756E9C2BADAEB2006103F6 /* SuperchargesView.swift */,
			);
			path = Informartions;
			sourceTree = "<group>";
		};
/* End PBXGroup section */

/* Begin PBXNativeTarget section */
		23756E342BAD8B20006103F6 /* JUCR */ = {
			isa = PBXNativeTarget;
			buildConfigurationList = 23756E5E2BAD8B22006103F6 /* Build configuration list for PBXNativeTarget "JUCR" */;
			buildPhases = (
				23756E312BAD8B20006103F6 /* Sources */,
				23756E322BAD8B20006103F6 /* Frameworks */,
				23756E332BAD8B20006103F6 /* Resources */,
			);
			buildRules = (
			);
			dependencies = (
			);
			name = JUCR;
			productName = JUCR;
			productReference = 23756E352BAD8B20006103F6 /* JUCR.app */;
			productType = "com.apple.product-type.application";
		};
		23756E492BAD8B22006103F6 /* JUCRTests */ = {
			isa = PBXNativeTarget;
			buildConfigurationList = 23756E612BAD8B22006103F6 /* Build configuration list for PBXNativeTarget "JUCRTests" */;
			buildPhases = (
				23756E462BAD8B22006103F6 /* Sources */,
				23756E472BAD8B22006103F6 /* Frameworks */,
				23756E482BAD8B22006103F6 /* Resources */,
			);
			buildRules = (
			);
			dependencies = (
				23756E4C2BAD8B22006103F6 /* PBXTargetDependency */,
			);
			name = JUCRTests;
			productName = JUCRTests;
			productReference = 23756E4A2BAD8B22006103F6 /* JUCRTests.xctest */;
			productType = "com.apple.product-type.bundle.unit-test";
		};
		23756E532BAD8B22006103F6 /* JUCRUITests */ = {
			isa = PBXNativeTarget;
			buildConfigurationList = 23756E642BAD8B22006103F6 /* Build configuration list for PBXNativeTarget "JUCRUITests" */;
			buildPhases = (
				23756E502BAD8B22006103F6 /* Sources */,
				23756E512BAD8B22006103F6 /* Frameworks */,
				23756E522BAD8B22006103F6 /* Resources */,
			);
			buildRules = (
			);
			dependencies = (
				23756E562BAD8B22006103F6 /* PBXTargetDependency */,
			);
			name = JUCRUITests;
			productName = JUCRUITests;
			productReference = 23756E542BAD8B22006103F6 /* JUCRUITests.xctest */;
			productType = "com.apple.product-type.bundle.ui-testing";
		};
/* End PBXNativeTarget section */

/* Begin PBXProject section */
		23756E2D2BAD8B20006103F6 /* Project object */ = {
			isa = PBXProject;
			attributes = {
				BuildIndependentTargetsInParallel = 1;
				LastSwiftUpdateCheck = 1520;
				LastUpgradeCheck = 1520;
				TargetAttributes = {
					23756E342BAD8B20006103F6 = {
						CreatedOnToolsVersion = 15.2;
					};
					23756E492BAD8B22006103F6 = {
						CreatedOnToolsVersion = 15.2;
						TestTargetID = 23756E342BAD8B20006103F6;
					};
					23756E532BAD8B22006103F6 = {
						CreatedOnToolsVersion = 15.2;
						TestTargetID = 23756E342BAD8B20006103F6;
					};
				};
			};
			buildConfigurationList = 23756E302BAD8B20006103F6 /* Build configuration list for PBXProject "JUCR" */;
			compatibilityVersion = "Xcode 14.0";
			developmentRegion = en;
			hasScannedForEncodings = 0;
			knownRegions = (
				en,
				Base,
			);
			mainGroup = 23756E2C2BAD8B20006103F6;
			productRefGroup = 23756E362BAD8B20006103F6 /* Products */;
			projectDirPath = "";
			projectRoot = "";
			targets = (
				23756E342BAD8B20006103F6 /* JUCR */,
				23756E492BAD8B22006103F6 /* JUCRTests */,
				23756E532BAD8B22006103F6 /* JUCRUITests */,
			);
		};
/* End PBXProject section */

/* Begin PBXResourcesBuildPhase section */
		23756E332BAD8B20006103F6 /* Resources */ = {
			isa = PBXResourcesBuildPhase;
			buildActionMask = 2147483647;
			files = (
				23756E402BAD8B22006103F6 /* Preview Assets.xcassets in Resources */,
				23756E3D2BAD8B22006103F6 /* Assets.xcassets in Resources */,
			);
			runOnlyForDeploymentPostprocessing = 0;
		};
		23756E482BAD8B22006103F6 /* Resources */ = {
			isa = PBXResourcesBuildPhase;
			buildActionMask = 2147483647;
			files = (
			);
			runOnlyForDeploymentPostprocessing = 0;
		};
		23756E522BAD8B22006103F6 /* Resources */ = {
			isa = PBXResourcesBuildPhase;
			buildActionMask = 2147483647;
			files = (
			);
			runOnlyForDeploymentPostprocessing = 0;
		};
/* End PBXResourcesBuildPhase section */

/* Begin PBXSourcesBuildPhase section */
		23756E312BAD8B20006103F6 /* Sources */ = {
			isa = PBXSourcesBuildPhase;
			buildActionMask = 2147483647;
			files = (
				23756E422BAD8B22006103F6 /* Persistence.swift in Sources */,
				23756EAF2BAF0E93006103F6 /* Car.swift in Sources */,
				238997312BB1B2C300151C5C /* CarStateSmallerView.swift in Sources */,
				23756E452BAD8B22006103F6 /* JUCR.xcdatamodeld in Sources */,
				23756E392BAD8B20006103F6 /* JUCRApp.swift in Sources */,
				23756E8C2BAD91D2006103F6 /* MainModel.swift in Sources */,
				23756E882BAD91B9006103F6 /* Statistiques.swift in Sources */,
				230279282BAF2F3D00B79E94 /* ChargingAnimationView.swift in Sources */,
				238997472BB4361700151C5C /* MainViewModel.swift in Sources */,
				23756E842BAD91AA006103F6 /* Supercharges.swift in Sources */,
				23756EB42BAF17AB006103F6 /* CarStateView.swift in Sources */,
				2302792A2BAF3C1400B79E94 /* InformationsView.swift in Sources */,
				23756E992BADACB5006103F6 /* MagicStrings.swift in Sources */,
				23756E902BAD9C20006103F6 /* StatistiqueView.swift in Sources */,
				23756E9D2BADAEB2006103F6 /* SuperchargesView.swift in Sources */,
				2389973C2BB3106B00151C5C /* MagicsNumbers.swift in Sources */,
				23756EAB2BAF0DF1006103F6 /* MainView.swift in Sources */,
			);
			runOnlyForDeploymentPostprocessing = 0;
		};
		23756E462BAD8B22006103F6 /* Sources */ = {
			isa = PBXSourcesBuildPhase;
			buildActionMask = 2147483647;
			files = (
				23756E8D2BAD91D2006103F6 /* MainModel.swift in Sources */,
				2389973A2BB1C7D900151C5C /* CarStateSmallerView.swift in Sources */,
				23756E852BAD91AA006103F6 /* Supercharges.swift in Sources */,
				23756EAC2BAF0DF1006103F6 /* MainView.swift in Sources */,
				23756E912BAD9C20006103F6 /* StatistiqueView.swift in Sources */,
				23756E892BAD91B9006103F6 /* Statistiques.swift in Sources */,
				23756E9A2BADACB5006103F6 /* MagicStrings.swift in Sources */,
				23756EB52BAF17AB006103F6 /* CarStateView.swift in Sources */,
				23756E4F2BAD8B22006103F6 /* JUCRTests.swift in Sources */,
				23756EA02BADB20F006103F6 /* Persistence.swift in Sources */,
				2302792B2BAF3C1400B79E94 /* InformationsView.swift in Sources */,
				23756E9E2BADAEB2006103F6 /* SuperchargesView.swift in Sources */,
				23756EB02BAF0E93006103F6 /* Car.swift in Sources */,
			);
			runOnlyForDeploymentPostprocessing = 0;
		};
		23756E502BAD8B22006103F6 /* Sources */ = {
			isa = PBXSourcesBuildPhase;
			buildActionMask = 2147483647;
			files = (
				238997392BB1C7D900151C5C /* CarStateSmallerView.swift in Sources */,
				23756E8A2BAD91B9006103F6 /* Statistiques.swift in Sources */,
				23756EB12BAF0E93006103F6 /* Car.swift in Sources */,
				23756E9F2BADAEB2006103F6 /* SuperchargesView.swift in Sources */,
				23756E5B2BAD8B22006103F6 /* JUCRUITestsLaunchTests.swift in Sources */,
				23756E8E2BAD91D2006103F6 /* MainModel.swift in Sources */,
				23756EA12BADB20F006103F6 /* Persistence.swift in Sources */,
				23756E592BAD8B22006103F6 /* JUCRUITests.swift in Sources */,
				23756EB62BAF17AB006103F6 /* CarStateView.swift in Sources */,
				23756E922BAD9C20006103F6 /* StatistiqueView.swift in Sources */,
				23756E9B2BADACB5006103F6 /* MagicStrings.swift in Sources */,
				2302792C2BAF3C1400B79E94 /* InformationsView.swift in Sources */,
				23756E862BAD91AA006103F6 /* Supercharges.swift in Sources */,
				23756EAD2BAF0DF1006103F6 /* MainView.swift in Sources */,
			);
			runOnlyForDeploymentPostprocessing = 0;
		};
/* End PBXSourcesBuildPhase section */

/* Begin PBXTargetDependency section */
		23756E4C2BAD8B22006103F6 /* PBXTargetDependency */ = {
			isa = PBXTargetDependency;
			target = 23756E342BAD8B20006103F6 /* JUCR */;
			targetProxy = 23756E4B2BAD8B22006103F6 /* PBXContainerItemProxy */;
		};
		23756E562BAD8B22006103F6 /* PBXTargetDependency */ = {
			isa = PBXTargetDependency;
			target = 23756E342BAD8B20006103F6 /* JUCR */;
			targetProxy = 23756E552BAD8B22006103F6 /* PBXContainerItemProxy */;
		};
/* End PBXTargetDependency section */

/* Begin XCBuildConfiguration section */
		23756E5C2BAD8B22006103F6 /* Debug */ = {
			isa = XCBuildConfiguration;
			buildSettings = {
				ALWAYS_SEARCH_USER_PATHS = NO;
				ASSETCATALOG_COMPILER_GENERATE_SWIFT_ASSET_SYMBOL_EXTENSIONS = YES;
				CLANG_ANALYZER_NONNULL = YES;
				CLANG_ANALYZER_NUMBER_OBJECT_CONVERSION = YES_AGGRESSIVE;
				CLANG_CXX_LANGUAGE_STANDARD = "gnu++20";
				CLANG_ENABLE_MODULES = YES;
				CLANG_ENABLE_OBJC_ARC = YES;
				CLANG_ENABLE_OBJC_WEAK = YES;
				CLANG_WARN_BLOCK_CAPTURE_AUTORELEASING = YES;
				CLANG_WARN_BOOL_CONVERSION = YES;
				CLANG_WARN_COMMA = YES;
				CLANG_WARN_CONSTANT_CONVERSION = YES;
				CLANG_WARN_DEPRECATED_OBJC_IMPLEMENTATIONS = YES;
				CLANG_WARN_DIRECT_OBJC_ISA_USAGE = YES_ERROR;
				CLANG_WARN_DOCUMENTATION_COMMENTS = YES;
				CLANG_WARN_EMPTY_BODY = YES;
				CLANG_WARN_ENUM_CONVERSION = YES;
				CLANG_WARN_INFINITE_RECURSION = YES;
				CLANG_WARN_INT_CONVERSION = YES;
				CLANG_WARN_NON_LITERAL_NULL_CONVERSION = YES;
				CLANG_WARN_OBJC_IMPLICIT_RETAIN_SELF = YES;
				CLANG_WARN_OBJC_LITERAL_CONVERSION = YES;
				CLANG_WARN_OBJC_ROOT_CLASS = YES_ERROR;
				CLANG_WARN_QUOTED_INCLUDE_IN_FRAMEWORK_HEADER = YES;
				CLANG_WARN_RANGE_LOOP_ANALYSIS = YES;
				CLANG_WARN_STRICT_PROTOTYPES = YES;
				CLANG_WARN_SUSPICIOUS_MOVE = YES;
				CLANG_WARN_UNGUARDED_AVAILABILITY = YES_AGGRESSIVE;
				CLANG_WARN_UNREACHABLE_CODE = YES;
				CLANG_WARN__DUPLICATE_METHOD_MATCH = YES;
				COPY_PHASE_STRIP = NO;
				DEBUG_INFORMATION_FORMAT = dwarf;
				ENABLE_STRICT_OBJC_MSGSEND = YES;
				ENABLE_TESTABILITY = YES;
				ENABLE_USER_SCRIPT_SANDBOXING = YES;
				GCC_C_LANGUAGE_STANDARD = gnu17;
				GCC_DYNAMIC_NO_PIC = NO;
				GCC_NO_COMMON_BLOCKS = YES;
				GCC_OPTIMIZATION_LEVEL = 0;
				GCC_PREPROCESSOR_DEFINITIONS = (
					"DEBUG=1",
					"$(inherited)",
				);
				GCC_WARN_64_TO_32_BIT_CONVERSION = YES;
				GCC_WARN_ABOUT_RETURN_TYPE = YES_ERROR;
				GCC_WARN_UNDECLARED_SELECTOR = YES;
				GCC_WARN_UNINITIALIZED_AUTOS = YES_AGGRESSIVE;
				GCC_WARN_UNUSED_FUNCTION = YES;
				GCC_WARN_UNUSED_VARIABLE = YES;
				IPHONEOS_DEPLOYMENT_TARGET = 17.2;
				LOCALIZATION_PREFERS_STRING_CATALOGS = YES;
				MTL_ENABLE_DEBUG_INFO = INCLUDE_SOURCE;
				MTL_FAST_MATH = YES;
				ONLY_ACTIVE_ARCH = YES;
				SDKROOT = iphoneos;
				SWIFT_ACTIVE_COMPILATION_CONDITIONS = "DEBUG $(inherited)";
				SWIFT_OPTIMIZATION_LEVEL = "-Onone";
			};
			name = Debug;
		};
		23756E5D2BAD8B22006103F6 /* Release */ = {
			isa = XCBuildConfiguration;
			buildSettings = {
				ALWAYS_SEARCH_USER_PATHS = NO;
				ASSETCATALOG_COMPILER_GENERATE_SWIFT_ASSET_SYMBOL_EXTENSIONS = YES;
				CLANG_ANALYZER_NONNULL = YES;
				CLANG_ANALYZER_NUMBER_OBJECT_CONVERSION = YES_AGGRESSIVE;
				CLANG_CXX_LANGUAGE_STANDARD = "gnu++20";
				CLANG_ENABLE_MODULES = YES;
				CLANG_ENABLE_OBJC_ARC = YES;
				CLANG_ENABLE_OBJC_WEAK = YES;
				CLANG_WARN_BLOCK_CAPTURE_AUTORELEASING = YES;
				CLANG_WARN_BOOL_CONVERSION = YES;
				CLANG_WARN_COMMA = YES;
				CLANG_WARN_CONSTANT_CONVERSION = YES;
				CLANG_WARN_DEPRECATED_OBJC_IMPLEMENTATIONS = YES;
				CLANG_WARN_DIRECT_OBJC_ISA_USAGE = YES_ERROR;
				CLANG_WARN_DOCUMENTATION_COMMENTS = YES;
				CLANG_WARN_EMPTY_BODY = YES;
				CLANG_WARN_ENUM_CONVERSION = YES;
				CLANG_WARN_INFINITE_RECURSION = YES;
				CLANG_WARN_INT_CONVERSION = YES;
				CLANG_WARN_NON_LITERAL_NULL_CONVERSION = YES;
				CLANG_WARN_OBJC_IMPLICIT_RETAIN_SELF = YES;
				CLANG_WARN_OBJC_LITERAL_CONVERSION = YES;
				CLANG_WARN_OBJC_ROOT_CLASS = YES_ERROR;
				CLANG_WARN_QUOTED_INCLUDE_IN_FRAMEWORK_HEADER = YES;
				CLANG_WARN_RANGE_LOOP_ANALYSIS = YES;
				CLANG_WARN_STRICT_PROTOTYPES = YES;
				CLANG_WARN_SUSPICIOUS_MOVE = YES;
				CLANG_WARN_UNGUARDED_AVAILABILITY = YES_AGGRESSIVE;
				CLANG_WARN_UNREACHABLE_CODE = YES;
				CLANG_WARN__DUPLICATE_METHOD_MATCH = YES;
				COPY_PHASE_STRIP = NO;
				DEBUG_INFORMATION_FORMAT = "dwarf-with-dsym";
				ENABLE_NS_ASSERTIONS = NO;
				ENABLE_STRICT_OBJC_MSGSEND = YES;
				ENABLE_USER_SCRIPT_SANDBOXING = YES;
				GCC_C_LANGUAGE_STANDARD = gnu17;
				GCC_NO_COMMON_BLOCKS = YES;
				GCC_WARN_64_TO_32_BIT_CONVERSION = YES;
				GCC_WARN_ABOUT_RETURN_TYPE = YES_ERROR;
				GCC_WARN_UNDECLARED_SELECTOR = YES;
				GCC_WARN_UNINITIALIZED_AUTOS = YES_AGGRESSIVE;
				GCC_WARN_UNUSED_FUNCTION = YES;
				GCC_WARN_UNUSED_VARIABLE = YES;
				IPHONEOS_DEPLOYMENT_TARGET = 17.2;
				LOCALIZATION_PREFERS_STRING_CATALOGS = YES;
				MTL_ENABLE_DEBUG_INFO = NO;
				MTL_FAST_MATH = YES;
				SDKROOT = iphoneos;
				SWIFT_COMPILATION_MODE = wholemodule;
				VALIDATE_PRODUCT = YES;
			};
			name = Release;
		};
		23756E5F2BAD8B22006103F6 /* Debug */ = {
			isa = XCBuildConfiguration;
			buildSettings = {
				ASSETCATALOG_COMPILER_APPICON_NAME = AppIcon;
				ASSETCATALOG_COMPILER_GLOBAL_ACCENT_COLOR_NAME = AccentColor;
				CODE_SIGN_STYLE = Automatic;
				CURRENT_PROJECT_VERSION = 1;
				DEVELOPMENT_ASSET_PATHS = "\"JUCR/Preview Content\"";
				DEVELOPMENT_TEAM = KKQNMS5DUM;
				ENABLE_PREVIEWS = YES;
				GENERATE_INFOPLIST_FILE = YES;
				INFOPLIST_KEY_UIApplicationSceneManifest_Generation = YES;
				INFOPLIST_KEY_UIApplicationSupportsIndirectInputEvents = YES;
				INFOPLIST_KEY_UILaunchScreen_Generation = YES;
				INFOPLIST_KEY_UISupportedInterfaceOrientations_iPad = "UIInterfaceOrientationPortrait UIInterfaceOrientationPortraitUpsideDown UIInterfaceOrientationLandscapeLeft UIInterfaceOrientationLandscapeRight";
				INFOPLIST_KEY_UISupportedInterfaceOrientations_iPhone = "UIInterfaceOrientationPortrait UIInterfaceOrientationLandscapeLeft UIInterfaceOrientationLandscapeRight";
				LD_RUNPATH_SEARCH_PATHS = (
					"$(inherited)",
					"@executable_path/Frameworks",
				);
				MARKETING_VERSION = 1.0;
				PRODUCT_BUNDLE_IDENTIFIER = leo.marliere.JUCR;
				PRODUCT_NAME = "$(TARGET_NAME)";
				SWIFT_EMIT_LOC_STRINGS = YES;
				SWIFT_VERSION = 5.0;
				TARGETED_DEVICE_FAMILY = "1,2";
			};
			name = Debug;
		};
		23756E602BAD8B22006103F6 /* Release */ = {
			isa = XCBuildConfiguration;
			buildSettings = {
				ASSETCATALOG_COMPILER_APPICON_NAME = AppIcon;
				ASSETCATALOG_COMPILER_GLOBAL_ACCENT_COLOR_NAME = AccentColor;
				CODE_SIGN_STYLE = Automatic;
				CURRENT_PROJECT_VERSION = 1;
				DEVELOPMENT_ASSET_PATHS = "\"JUCR/Preview Content\"";
				DEVELOPMENT_TEAM = KKQNMS5DUM;
				ENABLE_PREVIEWS = YES;
				GENERATE_INFOPLIST_FILE = YES;
				INFOPLIST_KEY_UIApplicationSceneManifest_Generation = YES;
				INFOPLIST_KEY_UIApplicationSupportsIndirectInputEvents = YES;
				INFOPLIST_KEY_UILaunchScreen_Generation = YES;
				INFOPLIST_KEY_UISupportedInterfaceOrientations_iPad = "UIInterfaceOrientationPortrait UIInterfaceOrientationPortraitUpsideDown UIInterfaceOrientationLandscapeLeft UIInterfaceOrientationLandscapeRight";
				INFOPLIST_KEY_UISupportedInterfaceOrientations_iPhone = "UIInterfaceOrientationPortrait UIInterfaceOrientationLandscapeLeft UIInterfaceOrientationLandscapeRight";
				LD_RUNPATH_SEARCH_PATHS = (
					"$(inherited)",
					"@executable_path/Frameworks",
				);
				MARKETING_VERSION = 1.0;
				PRODUCT_BUNDLE_IDENTIFIER = leo.marliere.JUCR;
				PRODUCT_NAME = "$(TARGET_NAME)";
				SWIFT_EMIT_LOC_STRINGS = YES;
				SWIFT_VERSION = 5.0;
				TARGETED_DEVICE_FAMILY = "1,2";
			};
			name = Release;
		};
		23756E622BAD8B22006103F6 /* Debug */ = {
			isa = XCBuildConfiguration;
			buildSettings = {
				ALWAYS_EMBED_SWIFT_STANDARD_LIBRARIES = YES;
				BUNDLE_LOADER = "$(TEST_HOST)";
				CODE_SIGN_STYLE = Automatic;
				CURRENT_PROJECT_VERSION = 1;
				DEVELOPMENT_TEAM = KKQNMS5DUM;
				GENERATE_INFOPLIST_FILE = YES;
				IPHONEOS_DEPLOYMENT_TARGET = 17.2;
				MARKETING_VERSION = 1.0;
				PRODUCT_BUNDLE_IDENTIFIER = leo.marliere.JUCRTests;
				PRODUCT_NAME = "$(TARGET_NAME)";
				SWIFT_EMIT_LOC_STRINGS = NO;
				SWIFT_VERSION = 5.0;
				TARGETED_DEVICE_FAMILY = "1,2";
				TEST_HOST = "$(BUILT_PRODUCTS_DIR)/JUCR.app/$(BUNDLE_EXECUTABLE_FOLDER_PATH)/JUCR";
			};
			name = Debug;
		};
		23756E632BAD8B22006103F6 /* Release */ = {
			isa = XCBuildConfiguration;
			buildSettings = {
				ALWAYS_EMBED_SWIFT_STANDARD_LIBRARIES = YES;
				BUNDLE_LOADER = "$(TEST_HOST)";
				CODE_SIGN_STYLE = Automatic;
				CURRENT_PROJECT_VERSION = 1;
				DEVELOPMENT_TEAM = KKQNMS5DUM;
				GENERATE_INFOPLIST_FILE = YES;
				IPHONEOS_DEPLOYMENT_TARGET = 17.2;
				MARKETING_VERSION = 1.0;
				PRODUCT_BUNDLE_IDENTIFIER = leo.marliere.JUCRTests;
				PRODUCT_NAME = "$(TARGET_NAME)";
				SWIFT_EMIT_LOC_STRINGS = NO;
				SWIFT_VERSION = 5.0;
				TARGETED_DEVICE_FAMILY = "1,2";
				TEST_HOST = "$(BUILT_PRODUCTS_DIR)/JUCR.app/$(BUNDLE_EXECUTABLE_FOLDER_PATH)/JUCR";
			};
			name = Release;
		};
		23756E652BAD8B22006103F6 /* Debug */ = {
			isa = XCBuildConfiguration;
			buildSettings = {
				ALWAYS_EMBED_SWIFT_STANDARD_LIBRARIES = YES;
				CODE_SIGN_STYLE = Automatic;
				CURRENT_PROJECT_VERSION = 1;
				DEVELOPMENT_TEAM = KKQNMS5DUM;
				GENERATE_INFOPLIST_FILE = YES;
				MARKETING_VERSION = 1.0;
				PRODUCT_BUNDLE_IDENTIFIER = leo.marliere.JUCRUITests;
				PRODUCT_NAME = "$(TARGET_NAME)";
				SWIFT_EMIT_LOC_STRINGS = NO;
				SWIFT_VERSION = 5.0;
				TARGETED_DEVICE_FAMILY = "1,2";
				TEST_TARGET_NAME = JUCR;
			};
			name = Debug;
		};
		23756E662BAD8B22006103F6 /* Release */ = {
			isa = XCBuildConfiguration;
			buildSettings = {
				ALWAYS_EMBED_SWIFT_STANDARD_LIBRARIES = YES;
				CODE_SIGN_STYLE = Automatic;
				CURRENT_PROJECT_VERSION = 1;
				DEVELOPMENT_TEAM = KKQNMS5DUM;
				GENERATE_INFOPLIST_FILE = YES;
				MARKETING_VERSION = 1.0;
				PRODUCT_BUNDLE_IDENTIFIER = leo.marliere.JUCRUITests;
				PRODUCT_NAME = "$(TARGET_NAME)";
				SWIFT_EMIT_LOC_STRINGS = NO;
				SWIFT_VERSION = 5.0;
				TARGETED_DEVICE_FAMILY = "1,2";
				TEST_TARGET_NAME = JUCR;
			};
			name = Release;
		};
/* End XCBuildConfiguration section */

/* Begin XCConfigurationList section */
		23756E302BAD8B20006103F6 /* Build configuration list for PBXProject "JUCR" */ = {
			isa = XCConfigurationList;
			buildConfigurations = (
				23756E5C2BAD8B22006103F6 /* Debug */,
				23756E5D2BAD8B22006103F6 /* Release */,
			);
			defaultConfigurationIsVisible = 0;
			defaultConfigurationName = Release;
		};
		23756E5E2BAD8B22006103F6 /* Build configuration list for PBXNativeTarget "JUCR" */ = {
			isa = XCConfigurationList;
			buildConfigurations = (
				23756E5F2BAD8B22006103F6 /* Debug */,
				23756E602BAD8B22006103F6 /* Release */,
			);
			defaultConfigurationIsVisible = 0;
			defaultConfigurationName = Release;
		};
		23756E612BAD8B22006103F6 /* Build configuration list for PBXNativeTarget "JUCRTests" */ = {
			isa = XCConfigurationList;
			buildConfigurations = (
				23756E622BAD8B22006103F6 /* Debug */,
				23756E632BAD8B22006103F6 /* Release */,
			);
			defaultConfigurationIsVisible = 0;
			defaultConfigurationName = Release;
		};
		23756E642BAD8B22006103F6 /* Build configuration list for PBXNativeTarget "JUCRUITests" */ = {
			isa = XCConfigurationList;
			buildConfigurations = (
				23756E652BAD8B22006103F6 /* Debug */,
				23756E662BAD8B22006103F6 /* Release */,
			);
			defaultConfigurationIsVisible = 0;
			defaultConfigurationName = Release;
		};
/* End XCConfigurationList section */

/* Begin XCVersionGroup section */
		23756E432BAD8B22006103F6 /* JUCR.xcdatamodeld */ = {
			isa = XCVersionGroup;
			children = (
				23756E442BAD8B22006103F6 /* JUCR.xcdatamodel */,
			);
			currentVersion = 23756E442BAD8B22006103F6 /* JUCR.xcdatamodel */;
			path = JUCR.xcdatamodeld;
			sourceTree = "<group>";
			versionGroupType = wrapper.xcdatamodel;
		};
/* End XCVersionGroup section */
	};
	rootObject = 23756E2D2BAD8B20006103F6 /* Project object */;
}
